// !$*UTF8*$!
{
	archiveVersion = 1;
	classes = {
	};
	objectVersion = 77;
	objects = {

/* Begin PBXBuildFile section */
		394EF45C2E2D2BB200FBD4DB /* README.md in Resources */ = {isa = PBXBuildFile; fileRef = 394EF45B2E2D2BB200FBD4DB /* README.md */; };
/* End PBXBuildFile section */

/* Begin PBXContainerItemProxy section */
		3970405C2D5A998200A29B58 /* PBXContainerItemProxy */ = {
			isa = PBXContainerItemProxy;
			containerPortal = 397040432D5A998100A29B58 /* Project object */;
			proxyType = 1;
			remoteGlobalIDString = 3970404A2D5A998100A29B58;
			remoteInfo = DartNeuralNetwork;
		};
		397040662D5A998200A29B58 /* PBXContainerItemProxy */ = {
			isa = PBXContainerItemProxy;
			containerPortal = 397040432D5A998100A29B58 /* Project object */;
			proxyType = 1;
			remoteGlobalIDString = 3970404A2D5A998100A29B58;
			remoteInfo = DartNeuralNetwork;
		};
/* End PBXContainerItemProxy section */

/* Begin PBXFileReference section */
		394EF45B2E2D2BB200FBD4DB /* README.md */ = {isa = PBXFileReference; lastKnownFileType = net.daringfireball.markdown; path = README.md; sourceTree = "<group>"; };
		3970404B2D5A998100A29B58 /* DartNeuralNetwork.app */ = {isa = PBXFileReference; explicitFileType = wrapper.application; includeInIndex = 0; path = DartNeuralNetwork.app; sourceTree = BUILT_PRODUCTS_DIR; };
		3970405B2D5A998200A29B58 /* DartNeuralNetworkTests.xctest */ = {isa = PBXFileReference; explicitFileType = wrapper.cfbundle; includeInIndex = 0; path = DartNeuralNetworkTests.xctest; sourceTree = BUILT_PRODUCTS_DIR; };
		397040652D5A998200A29B58 /* DartNeuralNetworkUITests.xctest */ = {isa = PBXFileReference; explicitFileType = wrapper.cfbundle; includeInIndex = 0; path = DartNeuralNetworkUITests.xctest; sourceTree = BUILT_PRODUCTS_DIR; };
/* End PBXFileReference section */

/* Begin PBXFileSystemSynchronizedRootGroup section */
		3970404D2D5A998100A29B58 /* DartNeuralNetwork */ = {
			isa = PBXFileSystemSynchronizedRootGroup;
			path = DartNeuralNetwork;
			sourceTree = "<group>";
		};
/* End PBXFileSystemSynchronizedRootGroup section */

/* Begin PBXFrameworksBuildPhase section */
		397040482D5A998100A29B58 /* Frameworks */ = {
			isa = PBXFrameworksBuildPhase;
			buildActionMask = 2147483647;
			files = (
			);
			runOnlyForDeploymentPostprocessing = 0;
		};
		397040582D5A998200A29B58 /* Frameworks */ = {
			isa = PBXFrameworksBuildPhase;
			buildActionMask = 2147483647;
			files = (
			);
			runOnlyForDeploymentPostprocessing = 0;
		};
		397040622D5A998200A29B58 /* Frameworks */ = {
			isa = PBXFrameworksBuildPhase;
			buildActionMask = 2147483647;
			files = (
			);
			runOnlyForDeploymentPostprocessing = 0;
		};
/* End PBXFrameworksBuildPhase section */

/* Begin PBXGroup section */
		397040422D5A998000A29B58 = {
			isa = PBXGroup;
			children = (
				394EF45B2E2D2BB200FBD4DB /* README.md */,
				3970404D2D5A998100A29B58 /* DartNeuralNetwork */,
				3970404C2D5A998100A29B58 /* Products */,
			);
			sourceTree = "<group>";
		};
		3970404C2D5A998100A29B58 /* Products */ = {
			isa = PBXGroup;
			children = (
				3970404B2D5A998100A29B58 /* DartNeuralNetwork.app */,
				3970405B2D5A998200A29B58 /* DartNeuralNetworkTests.xctest */,
				397040652D5A998200A29B58 /* DartNeuralNetworkUITests.xctest */,
			);
			name = Products;
			sourceTree = "<group>";
		};
/* End PBXGroup section */

/* Begin PBXNativeTarget section */
		3970404A2D5A998100A29B58 /* DartNeuralNetwork */ = {
			isa = PBXNativeTarget;
			buildConfigurationList = 3970406F2D5A998200A29B58 /* Build configuration list for PBXNativeTarget "DartNeuralNetwork" */;
			buildPhases = (
				397040472D5A998100A29B58 /* Sources */,
				397040482D5A998100A29B58 /* Frameworks */,
				397040492D5A998100A29B58 /* Resources */,
			);
			buildRules = (
			);
			dependencies = (
			);
			fileSystemSynchronizedGroups = (
				3970404D2D5A998100A29B58 /* DartNeuralNetwork */,
			);
			name = DartNeuralNetwork;
			packageProductDependencies = (
			);
			productName = DartNeuralNetwork;
			productReference = 3970404B2D5A998100A29B58 /* DartNeuralNetwork.app */;
			productType = "com.apple.product-type.application";
		};
		3970405A2D5A998200A29B58 /* DartNeuralNetworkTests */ = {
			isa = PBXNativeTarget;
			buildConfigurationList = 397040722D5A998200A29B58 /* Build configuration list for PBXNativeTarget "DartNeuralNetworkTests" */;
			buildPhases = (
				397040572D5A998200A29B58 /* Sources */,
				397040582D5A998200A29B58 /* Frameworks */,
				397040592D5A998200A29B58 /* Resources */,
			);
			buildRules = (
			);
			dependencies = (
				3970405D2D5A998200A29B58 /* PBXTargetDependency */,
			);
			name = DartNeuralNetworkTests;
			packageProductDependencies = (
			);
			productName = DartNeuralNetworkTests;
			productReference = 3970405B2D5A998200A29B58 /* DartNeuralNetworkTests.xctest */;
			productType = "com.apple.product-type.bundle.unit-test";
		};
		397040642D5A998200A29B58 /* DartNeuralNetworkUITests */ = {
			isa = PBXNativeTarget;
			buildConfigurationList = 397040752D5A998200A29B58 /* Build configuration list for PBXNativeTarget "DartNeuralNetworkUITests" */;
			buildPhases = (
				397040612D5A998200A29B58 /* Sources */,
				397040622D5A998200A29B58 /* Frameworks */,
				397040632D5A998200A29B58 /* Resources */,
			);
			buildRules = (
			);
			dependencies = (
				397040672D5A998200A29B58 /* PBXTargetDependency */,
			);
			name = DartNeuralNetworkUITests;
			packageProductDependencies = (
			);
			productName = DartNeuralNetworkUITests;
			productReference = 397040652D5A998200A29B58 /* DartNeuralNetworkUITests.xctest */;
			productType = "com.apple.product-type.bundle.ui-testing";
		};
/* End PBXNativeTarget section */

/* Begin PBXProject section */
		397040432D5A998100A29B58 /* Project object */ = {
			isa = PBXProject;
			attributes = {
				BuildIndependentTargetsInParallel = 1;
				LastSwiftUpdateCheck = 1620;
				LastUpgradeCheck = 1620;
				TargetAttributes = {
					3970404A2D5A998100A29B58 = {
						CreatedOnToolsVersion = 16.2;
						LastSwiftMigration = 1620;
					};
					3970405A2D5A998200A29B58 = {
						CreatedOnToolsVersion = 16.2;
						TestTargetID = 3970404A2D5A998100A29B58;
					};
					397040642D5A998200A29B58 = {
						CreatedOnToolsVersion = 16.2;
						TestTargetID = 3970404A2D5A998100A29B58;
					};
				};
			};
			buildConfigurationList = 397040462D5A998100A29B58 /* Build configuration list for PBXProject "DartNeuralNetwork" */;
			developmentRegion = en;
			hasScannedForEncodings = 0;
			knownRegions = (
				en,
				Base,
			);
			mainGroup = 397040422D5A998000A29B58;
			minimizedProjectReferenceProxies = 1;
			preferredProjectObjectVersion = 77;
			productRefGroup = 3970404C2D5A998100A29B58 /* Products */;
			projectDirPath = "";
			projectRoot = "";
			targets = (
				3970404A2D5A998100A29B58 /* DartNeuralNetwork */,
				3970405A2D5A998200A29B58 /* DartNeuralNetworkTests */,
				397040642D5A998200A29B58 /* DartNeuralNetworkUITests */,
			);
		};
/* End PBXProject section */

/* Begin PBXResourcesBuildPhase section */
		397040492D5A998100A29B58 /* Resources */ = {
			isa = PBXResourcesBuildPhase;
			buildActionMask = 2147483647;
			files = (
				394EF45C2E2D2BB200FBD4DB /* README.md in Resources */,
			);
			runOnlyForDeploymentPostprocessing = 0;
		};
		397040592D5A998200A29B58 /* Resources */ = {
			isa = PBXResourcesBuildPhase;
			buildActionMask = 2147483647;
			files = (
			);
			runOnlyForDeploymentPostprocessing = 0;
		};
		397040632D5A998200A29B58 /* Resources */ = {
			isa = PBXResourcesBuildPhase;
			buildActionMask = 2147483647;
			files = (
			);
			runOnlyForDeploymentPostprocessing = 0;
		};
/* End PBXResourcesBuildPhase section */

/* Begin PBXSourcesBuildPhase section */
		397040472D5A998100A29B58 /* Sources */ = {
			isa = PBXSourcesBuildPhase;
			buildActionMask = 2147483647;
			files = (
			);
			runOnlyForDeploymentPostprocessing = 0;
		};
		397040572D5A998200A29B58 /* Sources */ = {
			isa = PBXSourcesBuildPhase;
			buildActionMask = 2147483647;
			files = (
			);
			runOnlyForDeploymentPostprocessing = 0;
		};
		397040612D5A998200A29B58 /* Sources */ = {
			isa = PBXSourcesBuildPhase;
			buildActionMask = 2147483647;
			files = (
			);
			runOnlyForDeploymentPostprocessing = 0;
		};
/* End PBXSourcesBuildPhase section */

/* Begin PBXTargetDependency section */
		3970405D2D5A998200A29B58 /* PBXTargetDependency */ = {
			isa = PBXTargetDependency;
			target = 3970404A2D5A998100A29B58 /* DartNeuralNetwork */;
			targetProxy = 3970405C2D5A998200A29B58 /* PBXContainerItemProxy */;
		};
		397040672D5A998200A29B58 /* PBXTargetDependency */ = {
			isa = PBXTargetDependency;
			target = 3970404A2D5A998100A29B58 /* DartNeuralNetwork */;
			targetProxy = 397040662D5A998200A29B58 /* PBXContainerItemProxy */;
		};
/* End PBXTargetDependency section */

/* Begin XCBuildConfiguration section */
		3970406D2D5A998200A29B58 /* Debug */ = {
			isa = XCBuildConfiguration;
			buildSettings = {
				ALWAYS_SEARCH_USER_PATHS = NO;
				ASSETCATALOG_COMPILER_GENERATE_SWIFT_ASSET_SYMBOL_EXTENSIONS = YES;
				CLANG_ANALYZER_NONNULL = YES;
				CLANG_ANALYZER_NUMBER_OBJECT_CONVERSION = YES_AGGRESSIVE;
				CLANG_CXX_LANGUAGE_STANDARD = "gnu++20";
				CLANG_ENABLE_MODULES = YES;
				CLANG_ENABLE_OBJC_ARC = YES;
				CLANG_ENABLE_OBJC_WEAK = YES;
				CLANG_WARN_BLOCK_CAPTURE_AUTORELEASING = YES;
				CLANG_WARN_BOOL_CONVERSION = YES;
				CLANG_WARN_COMMA = YES;
				CLANG_WARN_CONSTANT_CONVERSION = YES;
				CLANG_WARN_DEPRECATED_OBJC_IMPLEMENTATIONS = YES;
				CLANG_WARN_DIRECT_OBJC_ISA_USAGE = YES_ERROR;
				CLANG_WARN_DOCUMENTATION_COMMENTS = YES;
				CLANG_WARN_EMPTY_BODY = YES;
				CLANG_WARN_ENUM_CONVERSION = YES;
				CLANG_WARN_INFINITE_RECURSION = YES;
				CLANG_WARN_INT_CONVERSION = YES;
				CLANG_WARN_NON_LITERAL_NULL_CONVERSION = YES;
				CLANG_WARN_OBJC_IMPLICIT_RETAIN_SELF = YES;
				CLANG_WARN_OBJC_LITERAL_CONVERSION = YES;
				CLANG_WARN_OBJC_ROOT_CLASS = YES_ERROR;
				CLANG_WARN_QUOTED_INCLUDE_IN_FRAMEWORK_HEADER = YES;
				CLANG_WARN_RANGE_LOOP_ANALYSIS = YES;
				CLANG_WARN_STRICT_PROTOTYPES = YES;
				CLANG_WARN_SUSPICIOUS_MOVE = YES;
				CLANG_WARN_UNGUARDED_AVAILABILITY = YES_AGGRESSIVE;
				CLANG_WARN_UNREACHABLE_CODE = YES;
				CLANG_WARN__DUPLICATE_METHOD_MATCH = YES;
				COPY_PHASE_STRIP = NO;
				DEBUG_INFORMATION_FORMAT = dwarf;
				ENABLE_STRICT_OBJC_MSGSEND = YES;
				ENABLE_TESTABILITY = YES;
				ENABLE_USER_SCRIPT_SANDBOXING = YES;
				GCC_C_LANGUAGE_STANDARD = gnu17;
				GCC_DYNAMIC_NO_PIC = NO;
				GCC_NO_COMMON_BLOCKS = YES;
				GCC_OPTIMIZATION_LEVEL = 0;
				GCC_PRECOMPILE_PREFIX_HEADER = NO;
				GCC_PREPROCESSOR_DEFINITIONS = (
					"DEBUG=1",
					"$(inherited)",
				);
				GCC_WARN_64_TO_32_BIT_CONVERSION = YES;
				GCC_WARN_ABOUT_RETURN_TYPE = YES_ERROR;
				GCC_WARN_UNDECLARED_SELECTOR = YES;
				GCC_WARN_UNINITIALIZED_AUTOS = YES_AGGRESSIVE;
				GCC_WARN_UNUSED_FUNCTION = YES;
				GCC_WARN_UNUSED_VARIABLE = YES;
				IPHONEOS_DEPLOYMENT_TARGET = 18.2;
				LOCALIZATION_PREFERS_STRING_CATALOGS = YES;
				MTL_ENABLE_DEBUG_INFO = INCLUDE_SOURCE;
				MTL_FAST_MATH = YES;
				ONLY_ACTIVE_ARCH = YES;
				SDKROOT = iphoneos;
				SWIFT_ACTIVE_COMPILATION_CONDITIONS = "DEBUG $(inherited)";
				SWIFT_OPTIMIZATION_LEVEL = "-Onone";
			};
			name = Debug;
		};
		3970406E2D5A998200A29B58 /* Release */ = {
			isa = XCBuildConfiguration;
			buildSettings = {
				ALWAYS_SEARCH_USER_PATHS = NO;
				ASSETCATALOG_COMPILER_GENERATE_SWIFT_ASSET_SYMBOL_EXTENSIONS = YES;
				CLANG_ANALYZER_NONNULL = YES;
				CLANG_ANALYZER_NUMBER_OBJECT_CONVERSION = YES_AGGRESSIVE;
				CLANG_CXX_LANGUAGE_STANDARD = "gnu++20";
				CLANG_ENABLE_MODULES = YES;
				CLANG_ENABLE_OBJC_ARC = YES;
				CLANG_ENABLE_OBJC_WEAK = YES;
				CLANG_WARN_BLOCK_CAPTURE_AUTORELEASING = YES;
				CLANG_WARN_BOOL_CONVERSION = YES;
				CLANG_WARN_COMMA = YES;
				CLANG_WARN_CONSTANT_CONVERSION = YES;
				CLANG_WARN_DEPRECATED_OBJC_IMPLEMENTATIONS = YES;
				CLANG_WARN_DIRECT_OBJC_ISA_USAGE = YES_ERROR;
				CLANG_WARN_DOCUMENTATION_COMMENTS = YES;
				CLANG_WARN_EMPTY_BODY = YES;
				CLANG_WARN_ENUM_CONVERSION = YES;
				CLANG_WARN_INFINITE_RECURSION = YES;
				CLANG_WARN_INT_CONVERSION = YES;
				CLANG_WARN_NON_LITERAL_NULL_CONVERSION = YES;
				CLANG_WARN_OBJC_IMPLICIT_RETAIN_SELF = YES;
				CLANG_WARN_OBJC_LITERAL_CONVERSION = YES;
				CLANG_WARN_OBJC_ROOT_CLASS = YES_ERROR;
				CLANG_WARN_QUOTED_INCLUDE_IN_FRAMEWORK_HEADER = YES;
				CLANG_WARN_RANGE_LOOP_ANALYSIS = YES;
				CLANG_WARN_STRICT_PROTOTYPES = YES;
				CLANG_WARN_SUSPICIOUS_MOVE = YES;
				CLANG_WARN_UNGUARDED_AVAILABILITY = YES_AGGRESSIVE;
				CLANG_WARN_UNREACHABLE_CODE = YES;
				CLANG_WARN__DUPLICATE_METHOD_MATCH = YES;
				COPY_PHASE_STRIP = NO;
				DEBUG_INFORMATION_FORMAT = "dwarf-with-dsym";
				ENABLE_NS_ASSERTIONS = NO;
				ENABLE_STRICT_OBJC_MSGSEND = YES;
				ENABLE_USER_SCRIPT_SANDBOXING = YES;
				GCC_C_LANGUAGE_STANDARD = gnu17;
				GCC_NO_COMMON_BLOCKS = YES;
				GCC_PRECOMPILE_PREFIX_HEADER = NO;
				GCC_WARN_64_TO_32_BIT_CONVERSION = YES;
				GCC_WARN_ABOUT_RETURN_TYPE = YES_ERROR;
				GCC_WARN_UNDECLARED_SELECTOR = YES;
				GCC_WARN_UNINITIALIZED_AUTOS = YES_AGGRESSIVE;
				GCC_WARN_UNUSED_FUNCTION = YES;
				GCC_WARN_UNUSED_VARIABLE = YES;
				IPHONEOS_DEPLOYMENT_TARGET = 18.2;
				LOCALIZATION_PREFERS_STRING_CATALOGS = YES;
				MTL_ENABLE_DEBUG_INFO = NO;
				MTL_FAST_MATH = YES;
				SDKROOT = iphoneos;
				SWIFT_COMPILATION_MODE = wholemodule;
				VALIDATE_PRODUCT = YES;
			};
			name = Release;
		};
		397040702D5A998200A29B58 /* Debug */ = {
			isa = XCBuildConfiguration;
			buildSettings = {
				ASSETCATALOG_COMPILER_APPICON_NAME = AppIcon;
				ASSETCATALOG_COMPILER_GLOBAL_ACCENT_COLOR_NAME = AccentColor;
				CLANG_ENABLE_MODULES = YES;
				CODE_SIGN_STYLE = Automatic;
				CURRENT_PROJECT_VERSION = 0.1;
				DEVELOPMENT_ASSET_PATHS = "\"DartNeuralNetwork/Preview Content\"";
				DEVELOPMENT_TEAM = 6A99N2ZC5Y;
				ENABLE_PREVIEWS = YES;
				FRAMEWORK_SEARCH_PATHS = (
					"$(PROJECT_DIR)/",
					"$(PROJECT_DIR)/DartNeuralNetwork",
				);
				GCC_PREFIX_HEADER = "$(SRCROOT)/DartNeuralNetwork/PrefixHeader.pch";
				GENERATE_INFOPLIST_FILE = YES;
				HEADER_SEARCH_PATHS = "";
				INFOPLIST_FILE = "";
				INFOPLIST_KEY_NSCameraUsageDescription = "This app requires camera access to capture photos for dartboard detection.";
				INFOPLIST_KEY_NSPhotoLibraryAddUsageDescription = "";
				INFOPLIST_KEY_UIApplicationSceneManifest_Generation = YES;
				INFOPLIST_KEY_UIApplicationSupportsIndirectInputEvents = YES;
				INFOPLIST_KEY_UILaunchScreen_Generation = YES;
				INFOPLIST_KEY_UISupportedInterfaceOrientations_iPad = "UIInterfaceOrientationPortrait UIInterfaceOrientationPortraitUpsideDown UIInterfaceOrientationLandscapeLeft UIInterfaceOrientationLandscapeRight";
				INFOPLIST_KEY_UISupportedInterfaceOrientations_iPhone = "UIInterfaceOrientationPortrait UIInterfaceOrientationLandscapeLeft UIInterfaceOrientationLandscapeRight";
				LD_RUNPATH_SEARCH_PATHS = (
					"$(inherited)",
					"@executable_path/Frameworks",
				);
				MARKETING_VERSION = 0.1;
				PRODUCT_BUNDLE_IDENTIFIER = jb.DartNeuralNetwork;
				PRODUCT_NAME = "$(TARGET_NAME)";
				SWIFT_EMIT_LOC_STRINGS = YES;
				SWIFT_OBJC_BRIDGING_HEADER = "DartNeuralNetwork/DartNeuralNetwork-Bridging-Header.h";
				SWIFT_OPTIMIZATION_LEVEL = "-Onone";
				SWIFT_VERSION = 5.0;
				TARGETED_DEVICE_FAMILY = "1,2";
			};
			name = Debug;
		};
		397040712D5A998200A29B58 /* Release */ = {
			isa = XCBuildConfiguration;
			buildSettings = {
				ASSETCATALOG_COMPILER_APPICON_NAME = AppIcon;
				ASSETCATALOG_COMPILER_GLOBAL_ACCENT_COLOR_NAME = AccentColor;
				CLANG_ENABLE_MODULES = YES;
				CODE_SIGN_STYLE = Automatic;
				CURRENT_PROJECT_VERSION = 0.1;
				DEVELOPMENT_ASSET_PATHS = "\"DartNeuralNetwork/Preview Content\"";
				DEVELOPMENT_TEAM = 6A99N2ZC5Y;
				ENABLE_PREVIEWS = YES;
				FRAMEWORK_SEARCH_PATHS = (
					"$(PROJECT_DIR)/",
					"$(PROJECT_DIR)/DartNeuralNetwork",
				);
				GCC_PREFIX_HEADER = "$(SRCROOT)/DartNeuralNetwork/PrefixHeader.pch";
				GENERATE_INFOPLIST_FILE = YES;
				HEADER_SEARCH_PATHS = "";
				INFOPLIST_FILE = "";
				INFOPLIST_KEY_NSCameraUsageDescription = "This app requires camera access to capture photos for dartboard detection.";
				INFOPLIST_KEY_NSPhotoLibraryAddUsageDescription = "";
				INFOPLIST_KEY_UIApplicationSceneManifest_Generation = YES;
				INFOPLIST_KEY_UIApplicationSupportsIndirectInputEvents = YES;
				INFOPLIST_KEY_UILaunchScreen_Generation = YES;
				INFOPLIST_KEY_UISupportedInterfaceOrientations_iPad = "UIInterfaceOrientationPortrait UIInterfaceOrientationPortraitUpsideDown UIInterfaceOrientationLandscapeLeft UIInterfaceOrientationLandscapeRight";
				INFOPLIST_KEY_UISupportedInterfaceOrientations_iPhone = "UIInterfaceOrientationPortrait UIInterfaceOrientationLandscapeLeft UIInterfaceOrientationLandscapeRight";
				LD_RUNPATH_SEARCH_PATHS = (
					"$(inherited)",
					"@executable_path/Frameworks",
				);
				MARKETING_VERSION = 0.1;
				PRODUCT_BUNDLE_IDENTIFIER = jb.DartNeuralNetwork;
				PRODUCT_NAME = "$(TARGET_NAME)";
				SWIFT_EMIT_LOC_STRINGS = YES;
				SWIFT_OBJC_BRIDGING_HEADER = "DartNeuralNetwork/DartNeuralNetwork-Bridging-Header.h";
				SWIFT_VERSION = 5.0;
				TARGETED_DEVICE_FAMILY = "1,2";
			};
			name = Release;
		};
		397040732D5A998200A29B58 /* Debug */ = {
			isa = XCBuildConfiguration;
			buildSettings = {
				BUNDLE_LOADER = "$(TEST_HOST)";
				CODE_SIGN_STYLE = Automatic;
				CURRENT_PROJECT_VERSION = 1;
				DEVELOPMENT_TEAM = 6A99N2ZC5Y;
				GENERATE_INFOPLIST_FILE = YES;
				IPHONEOS_DEPLOYMENT_TARGET = 18.2;
				MARKETING_VERSION = 1.0;
				PRODUCT_BUNDLE_IDENTIFIER = jb.DartNeuralNetworkTests;
				PRODUCT_NAME = "$(TARGET_NAME)";
				SWIFT_EMIT_LOC_STRINGS = NO;
				SWIFT_VERSION = 5.0;
				TARGETED_DEVICE_FAMILY = "1,2";
				TEST_HOST = "$(BUILT_PRODUCTS_DIR)/DartNeuralNetwork.app/$(BUNDLE_EXECUTABLE_FOLDER_PATH)/DartNeuralNetwork";
			};
			name = Debug;
		};
		397040742D5A998200A29B58 /* Release */ = {
			isa = XCBuildConfiguration;
			buildSettings = {
				BUNDLE_LOADER = "$(TEST_HOST)";
				CODE_SIGN_STYLE = Automatic;
				CURRENT_PROJECT_VERSION = 1;
				DEVELOPMENT_TEAM = 6A99N2ZC5Y;
				GENERATE_INFOPLIST_FILE = YES;
				IPHONEOS_DEPLOYMENT_TARGET = 18.2;
				MARKETING_VERSION = 1.0;
				PRODUCT_BUNDLE_IDENTIFIER = jb.DartNeuralNetworkTests;
				PRODUCT_NAME = "$(TARGET_NAME)";
				SWIFT_EMIT_LOC_STRINGS = NO;
				SWIFT_VERSION = 5.0;
				TARGETED_DEVICE_FAMILY = "1,2";
				TEST_HOST = "$(BUILT_PRODUCTS_DIR)/DartNeuralNetwork.app/$(BUNDLE_EXECUTABLE_FOLDER_PATH)/DartNeuralNetwork";
			};
			name = Release;
		};
		397040762D5A998200A29B58 /* Debug */ = {
			isa = XCBuildConfiguration;
			buildSettings = {
				CODE_SIGN_STYLE = Automatic;
				CURRENT_PROJECT_VERSION = 1;
				DEVELOPMENT_TEAM = 6A99N2ZC5Y;
				GENERATE_INFOPLIST_FILE = YES;
				MARKETING_VERSION = 1.0;
				PRODUCT_BUNDLE_IDENTIFIER = jb.DartNeuralNetworkUITests;
				PRODUCT_NAME = "$(TARGET_NAME)";
				SWIFT_EMIT_LOC_STRINGS = NO;
				SWIFT_VERSION = 5.0;
				TARGETED_DEVICE_FAMILY = "1,2";
				TEST_TARGET_NAME = DartNeuralNetwork;
			};
			name = Debug;
		};
		397040772D5A998200A29B58 /* Release */ = {
			isa = XCBuildConfiguration;
			buildSettings = {
				CODE_SIGN_STYLE = Automatic;
				CURRENT_PROJECT_VERSION = 1;
				DEVELOPMENT_TEAM = 6A99N2ZC5Y;
				GENERATE_INFOPLIST_FILE = YES;
				MARKETING_VERSION = 1.0;
				PRODUCT_BUNDLE_IDENTIFIER = jb.DartNeuralNetworkUITests;
				PRODUCT_NAME = "$(TARGET_NAME)";
				SWIFT_EMIT_LOC_STRINGS = NO;
				SWIFT_VERSION = 5.0;
				TARGETED_DEVICE_FAMILY = "1,2";
				TEST_TARGET_NAME = DartNeuralNetwork;
			};
			name = Release;
		};
/* End XCBuildConfiguration section */

/* Begin XCConfigurationList section */
		397040462D5A998100A29B58 /* Build configuration list for PBXProject "DartNeuralNetwork" */ = {
			isa = XCConfigurationList;
			buildConfigurations = (
				3970406D2D5A998200A29B58 /* Debug */,
				3970406E2D5A998200A29B58 /* Release */,
			);
			defaultConfigurationIsVisible = 0;
			defaultConfigurationName = Release;
		};
		3970406F2D5A998200A29B58 /* Build configuration list for PBXNativeTarget "DartNeuralNetwork" */ = {
			isa = XCConfigurationList;
			buildConfigurations = (
				397040702D5A998200A29B58 /* Debug */,
				397040712D5A998200A29B58 /* Release */,
			);
			defaultConfigurationIsVisible = 0;
			defaultConfigurationName = Release;
		};
		397040722D5A998200A29B58 /* Build configuration list for PBXNativeTarget "DartNeuralNetworkTests" */ = {
			isa = XCConfigurationList;
			buildConfigurations = (
				397040732D5A998200A29B58 /* Debug */,
				397040742D5A998200A29B58 /* Release */,
			);
			defaultConfigurationIsVisible = 0;
			defaultConfigurationName = Release;
		};
		397040752D5A998200A29B58 /* Build configuration list for PBXNativeTarget "DartNeuralNetworkUITests" */ = {
			isa = XCConfigurationList;
			buildConfigurations = (
				397040762D5A998200A29B58 /* Debug */,
				397040772D5A998200A29B58 /* Release */,
			);
			defaultConfigurationIsVisible = 0;
			defaultConfigurationName = Release;
		};
/* End XCConfigurationList section */
	};
	rootObject = 397040432D5A998100A29B58 /* Project object */;
}
